
Microsoft Visual Studio Solution File, Format Version 12.00
# Visual Studio Version 17
VisualStudioVersion = 17.7.34202.233
MinimumVisualStudioVersion = 10.0.40219.1
Project("{FAE04EC0-301F-11D3-BF4B-00C04F79EFBC}") = "math", "math\math.csproj", "{2FF93E06-3A1E-4DB8-9D8E-2630A0490C28}"
EndProject
Global
	GlobalSection(SolutionConfigurationPlatforms) = preSolution
		Debug|Any CPU = Debug|Any CPU
		Release|Any CPU = Release|Any CPU
	EndGlobalSection
	GlobalSection(ProjectConfigurationPlatforms) = postSolution
		{2FF93E06-3A1E-4DB8-9D8E-2630A0490C28}.Debug|Any CPU.ActiveCfg = Debug|Any CPU
		{2FF93E06-3A1E-4DB8-9D8E-2630A0490C28}.Debug|Any CPU.Build.0 = Debug|Any CPU
		{2FF93E06-3A1E-4DB8-9D8E-2630A0490C28}.Release|Any CPU.ActiveCfg = Release|Any CPU
		{2FF93E06-3A1E-4DB8-9D8E-2630A0490C28}.Release|Any CPU.Build.0 = Release|Any CPU
	EndGlobalSection
	GlobalSection(SolutionProperties) = preSolution
		HideSolutionNode = FALSE
	EndGlobalSection
	GlobalSection(ExtensibilityGlobals) = postSolution
		SolutionGuid = {4262D032-4562-41B8-A171-DA3C152E889F}
	EndGlobalSection
EndGlobal
